
Microsoft Visual Studio Solution File, Format Version 12.00
# Visual Studio Express 2012 for Web
Project("{FAE04EC0-301F-11D3-BF4B-00C04F79EFBC}") = "Nabis", "Nabis\Nabis.csproj", "{FD772553-5EA9-4F10-A808-84221A4FD363}"
	ProjectSection(ProjectDependencies) = postProject
		{640C64A4-9179-4243-B20A-4E4F23449116} = {640C64A4-9179-4243-B20A-4E4F23449116}
		{F15ADEFA-C00A-4CB8-864D-2CDD337BE826} = {F15ADEFA-C00A-4CB8-864D-2CDD337BE826}
	EndProjectSection
EndProject
Project("{FAE04EC0-301F-11D3-BF4B-00C04F79EFBC}") = "Entities", "Entities\Entities.csproj", "{640C64A4-9179-4243-B20A-4E4F23449116}"
EndProject
Project("{FAE04EC0-301F-11D3-BF4B-00C04F79EFBC}") = "Business", "Business\Business.csproj", "{A5CF66C3-6480-4C45-9EF2-96B1A8B5AA09}"
	ProjectSection(ProjectDependencies) = postProject
		{F6DEFCBC-C1C4-49A6-95EE-52B9906004B7} = {F6DEFCBC-C1C4-49A6-95EE-52B9906004B7}
		{F15ADEFA-C00A-4CB8-864D-2CDD337BE826} = {F15ADEFA-C00A-4CB8-864D-2CDD337BE826}
	EndProjectSection
EndProject
Project("{FAE04EC0-301F-11D3-BF4B-00C04F79EFBC}") = "Nabis_WS", "Nabis_WS\Nabis_WS.csproj", "{F15ADEFA-C00A-4CB8-864D-2CDD337BE826}"
	ProjectSection(ProjectDependencies) = postProject
		{640C64A4-9179-4243-B20A-4E4F23449116} = {640C64A4-9179-4243-B20A-4E4F23449116}
	EndProjectSection
EndProject
Project("{FAE04EC0-301F-11D3-BF4B-00C04F79EFBC}") = "Utilities", "Utilities\Utilities.csproj", "{F6DEFCBC-C1C4-49A6-95EE-52B9906004B7}"
EndProject
Project("{FAE04EC0-301F-11D3-BF4B-00C04F79EFBC}") = "NabisRobotActivaciones", "..\NabisRobotActivaciones\NabisRobotActivaciones.csproj", "{EBE3DFD5-6AFA-4D31-A57E-8599C1DAA50D}"
	ProjectSection(ProjectDependencies) = postProject
		{F15ADEFA-C00A-4CB8-864D-2CDD337BE826} = {F15ADEFA-C00A-4CB8-864D-2CDD337BE826}
	EndProjectSection
EndProject
Global
	GlobalSection(TeamFoundationVersionControl) = preSolution
		SccNumberOfProjects = 7
		SccEnterpriseProvider = {4CA58AB2-18FA-4F8D-95D4-32DDF27D184C}
		SccTeamFoundationServer = http://10.80.135.56:8080/tfs/proyectosevolucion
		SccLocalPath0 = .
		SccProjectUniqueName1 = Nabis\\Nabis.csproj
		SccProjectName1 = Nabis
		SccLocalPath1 = Nabis
		SccProjectUniqueName2 = Entities\\Entities.csproj
		SccProjectName2 = Entities
		SccLocalPath2 = Entities
		SccProjectUniqueName3 = Business\\Business.csproj
		SccProjectName3 = Business
		SccLocalPath3 = Business
		SccProjectUniqueName4 = Nabis_WS\\Nabis_WS.csproj
		SccProjectName4 = Nabis_WS
		SccLocalPath4 = Nabis_WS
		SccProjectUniqueName5 = Utilities\\Utilities.csproj
		SccProjectName5 = Utilities
		SccLocalPath5 = Utilities
		SccProjectUniqueName6 = ..\\NabisRobotActivaciones\\NabisRobotActivaciones.csproj
		SccProjectName6 = ../NabisRobotActivaciones
		SccLocalPath6 = ..\\NabisRobotActivaciones
	EndGlobalSection
	GlobalSection(SolutionConfigurationPlatforms) = preSolution
		Debug|Any CPU = Debug|Any CPU
		Debug|Mixed Platforms = Debug|Mixed Platforms
		Debug|x86 = Debug|x86
		Release|Any CPU = Release|Any CPU
		Release|Mixed Platforms = Release|Mixed Platforms
		Release|x86 = Release|x86
	EndGlobalSection
	GlobalSection(ProjectConfigurationPlatforms) = postSolution
		{FD772553-5EA9-4F10-A808-84221A4FD363}.Debug|Any CPU.ActiveCfg = Debug|Any CPU
		{FD772553-5EA9-4F10-A808-84221A4FD363}.Debug|Any CPU.Build.0 = Debug|Any CPU
		{FD772553-5EA9-4F10-A808-84221A4FD363}.Debug|Mixed Platforms.ActiveCfg = Debug|Any CPU
		{FD772553-5EA9-4F10-A808-84221A4FD363}.Debug|Mixed Platforms.Build.0 = Debug|Any CPU
		{FD772553-5EA9-4F10-A808-84221A4FD363}.Debug|x86.ActiveCfg = Debug|Any CPU
		{FD772553-5EA9-4F10-A808-84221A4FD363}.Release|Any CPU.ActiveCfg = Release|Any CPU
		{FD772553-5EA9-4F10-A808-84221A4FD363}.Release|Any CPU.Build.0 = Release|Any CPU
		{FD772553-5EA9-4F10-A808-84221A4FD363}.Release|Mixed Platforms.ActiveCfg = Release|Any CPU
		{FD772553-5EA9-4F10-A808-84221A4FD363}.Release|Mixed Platforms.Build.0 = Release|Any CPU
		{FD772553-5EA9-4F10-A808-84221A4FD363}.Release|x86.ActiveCfg = Release|Any CPU
		{640C64A4-9179-4243-B20A-4E4F23449116}.Debug|Any CPU.ActiveCfg = Debug|Any CPU
		{640C64A4-9179-4243-B20A-4E4F23449116}.Debug|Any CPU.Build.0 = Debug|Any CPU
		{640C64A4-9179-4243-B20A-4E4F23449116}.Debug|Mixed Platforms.ActiveCfg = Debug|Any CPU
		{640C64A4-9179-4243-B20A-4E4F23449116}.Debug|Mixed Platforms.Build.0 = Debug|Any CPU
		{640C64A4-9179-4243-B20A-4E4F23449116}.Debug|x86.ActiveCfg = Debug|Any CPU
		{640C64A4-9179-4243-B20A-4E4F23449116}.Release|Any CPU.ActiveCfg = Release|Any CPU
		{640C64A4-9179-4243-B20A-4E4F23449116}.Release|Any CPU.Build.0 = Release|Any CPU
		{640C64A4-9179-4243-B20A-4E4F23449116}.Release|Mixed Platforms.ActiveCfg = Release|Any CPU
		{640C64A4-9179-4243-B20A-4E4F23449116}.Release|Mixed Platforms.Build.0 = Release|Any CPU
		{640C64A4-9179-4243-B20A-4E4F23449116}.Release|x86.ActiveCfg = Release|Any CPU
		{A5CF66C3-6480-4C45-9EF2-96B1A8B5AA09}.Debug|Any CPU.ActiveCfg = Debug|Any CPU
		{A5CF66C3-6480-4C45-9EF2-96B1A8B5AA09}.Debug|Any CPU.Build.0 = Debug|Any CPU
		{A5CF66C3-6480-4C45-9EF2-96B1A8B5AA09}.Debug|Mixed Platforms.ActiveCfg = Debug|Any CPU
		{A5CF66C3-6480-4C45-9EF2-96B1A8B5AA09}.Debug|Mixed Platforms.Build.0 = Debug|Any CPU
		{A5CF66C3-6480-4C45-9EF2-96B1A8B5AA09}.Debug|x86.ActiveCfg = Debug|Any CPU
		{A5CF66C3-6480-4C45-9EF2-96B1A8B5AA09}.Release|Any CPU.ActiveCfg = Release|Any CPU
		{A5CF66C3-6480-4C45-9EF2-96B1A8B5AA09}.Release|Any CPU.Build.0 = Release|Any CPU
		{A5CF66C3-6480-4C45-9EF2-96B1A8B5AA09}.Release|Mixed Platforms.ActiveCfg = Release|Any CPU
		{A5CF66C3-6480-4C45-9EF2-96B1A8B5AA09}.Release|Mixed Platforms.Build.0 = Release|Any CPU
		{A5CF66C3-6480-4C45-9EF2-96B1A8B5AA09}.Release|x86.ActiveCfg = Release|Any CPU
		{F15ADEFA-C00A-4CB8-864D-2CDD337BE826}.Debug|Any CPU.ActiveCfg = Debug|Any CPU
		{F15ADEFA-C00A-4CB8-864D-2CDD337BE826}.Debug|Any CPU.Build.0 = Debug|Any CPU
		{F15ADEFA-C00A-4CB8-864D-2CDD337BE826}.Debug|Mixed Platforms.ActiveCfg = Debug|Any CPU
		{F15ADEFA-C00A-4CB8-864D-2CDD337BE826}.Debug|Mixed Platforms.Build.0 = Debug|Any CPU
		{F15ADEFA-C00A-4CB8-864D-2CDD337BE826}.Debug|x86.ActiveCfg = Debug|Any CPU
		{F15ADEFA-C00A-4CB8-864D-2CDD337BE826}.Release|Any CPU.ActiveCfg = Release|Any CPU
		{F15ADEFA-C00A-4CB8-864D-2CDD337BE826}.Release|Any CPU.Build.0 = Release|Any CPU
		{F15ADEFA-C00A-4CB8-864D-2CDD337BE826}.Release|Mixed Platforms.ActiveCfg = Release|Any CPU
		{F15ADEFA-C00A-4CB8-864D-2CDD337BE826}.Release|Mixed Platforms.Build.0 = Release|Any CPU
		{F15ADEFA-C00A-4CB8-864D-2CDD337BE826}.Release|x86.ActiveCfg = Release|Any CPU
		{F6DEFCBC-C1C4-49A6-95EE-52B9906004B7}.Debug|Any CPU.ActiveCfg = Debug|Any CPU
		{F6DEFCBC-C1C4-49A6-95EE-52B9906004B7}.Debug|Any CPU.Build.0 = Debug|Any CPU
		{F6DEFCBC-C1C4-49A6-95EE-52B9906004B7}.Debug|Mixed Platforms.ActiveCfg = Debug|Any CPU
		{F6DEFCBC-C1C4-49A6-95EE-52B9906004B7}.Debug|Mixed Platforms.Build.0 = Debug|Any CPU
		{F6DEFCBC-C1C4-49A6-95EE-52B9906004B7}.Debug|x86.ActiveCfg = Debug|Any CPU
		{F6DEFCBC-C1C4-49A6-95EE-52B9906004B7}.Release|Any CPU.ActiveCfg = Release|Any CPU
		{F6DEFCBC-C1C4-49A6-95EE-52B9906004B7}.Release|Any CPU.Build.0 = Release|Any CPU
		{F6DEFCBC-C1C4-49A6-95EE-52B9906004B7}.Release|Mixed Platforms.ActiveCfg = Release|Any CPU
		{F6DEFCBC-C1C4-49A6-95EE-52B9906004B7}.Release|Mixed Platforms.Build.0 = Release|Any CPU
		{F6DEFCBC-C1C4-49A6-95EE-52B9906004B7}.Release|x86.ActiveCfg = Release|Any CPU
		{EBE3DFD5-6AFA-4D31-A57E-8599C1DAA50D}.Debug|Any CPU.ActiveCfg = Debug|x86
		{EBE3DFD5-6AFA-4D31-A57E-8599C1DAA50D}.Debug|Mixed Platforms.ActiveCfg = Debug|x86
		{EBE3DFD5-6AFA-4D31-A57E-8599C1DAA50D}.Debug|Mixed Platforms.Build.0 = Debug|x86
		{EBE3DFD5-6AFA-4D31-A57E-8599C1DAA50D}.Debug|x86.ActiveCfg = Debug|x86
		{EBE3DFD5-6AFA-4D31-A57E-8599C1DAA50D}.Debug|x86.Build.0 = Debug|x86
		{EBE3DFD5-6AFA-4D31-A57E-8599C1DAA50D}.Release|Any CPU.ActiveCfg = Release|x86
		{EBE3DFD5-6AFA-4D31-A57E-8599C1DAA50D}.Release|Mixed Platforms.ActiveCfg = Release|x86
		{EBE3DFD5-6AFA-4D31-A57E-8599C1DAA50D}.Release|Mixed Platforms.Build.0 = Release|x86
		{EBE3DFD5-6AFA-4D31-A57E-8599C1DAA50D}.Release|x86.ActiveCfg = Release|x86
		{EBE3DFD5-6AFA-4D31-A57E-8599C1DAA50D}.Release|x86.Build.0 = Release|x86
	EndGlobalSection
	GlobalSection(SolutionProperties) = preSolution
		HideSolutionNode = FALSE
	EndGlobalSection
EndGlobal
